
Microsoft Visual Studio Solution File, Format Version 12.00
# Visual Studio Version 17
VisualStudioVersion = 17.12.35707.178
MinimumVisualStudioVersion = 10.0.40219.1
Project("{FAE04EC0-301F-11D3-BF4B-00C04F79EFBC}") = "Operators", "Operators\Operators.csproj", "{8E2E310C-F2B2-4E0D-BE2E-C29195755472}"
EndProject
Project("{FAE04EC0-301F-11D3-BF4B-00C04F79EFBC}") = "SelectionStatements", "SelectionStatements\SelectionStatements.csproj", "{27E1B0C3-0F49-470B-AC9C-06BC3DEA88C7}"
EndProject
Project("{FAE04EC0-301F-11D3-BF4B-00C04F79EFBC}") = "IterationStatements", "IterationStatements\IterationStatements.csproj", "{AD218751-B712-4C0C-AE6C-9944F8DB4A12}"
EndProject
Project("{FAE04EC0-301F-11D3-BF4B-00C04F79EFBC}") = "Arrays", "Arrays\Arrays.csproj", "{DEF81A34-0829-43D2-AE94-859E43F54819}"
EndProject
Project("{FAE04EC0-301F-11D3-BF4B-00C04F79EFBC}") = "CastingConverting", "CastingConverting\CastingConverting.csproj", "{4E059F8A-3826-4073-B71F-BF929EFA5BB6}"
EndProject
Global
	GlobalSection(SolutionConfigurationPlatforms) = preSolution
		Debug|Any CPU = Debug|Any CPU
		Release|Any CPU = Release|Any CPU
	EndGlobalSection
	GlobalSection(ProjectConfigurationPlatforms) = postSolution
		{8E2E310C-F2B2-4E0D-BE2E-C29195755472}.Debug|Any CPU.ActiveCfg = Debug|Any CPU
		{8E2E310C-F2B2-4E0D-BE2E-C29195755472}.Debug|Any CPU.Build.0 = Debug|Any CPU
		{8E2E310C-F2B2-4E0D-BE2E-C29195755472}.Release|Any CPU.ActiveCfg = Release|Any CPU
		{8E2E310C-F2B2-4E0D-BE2E-C29195755472}.Release|Any CPU.Build.0 = Release|Any CPU
		{27E1B0C3-0F49-470B-AC9C-06BC3DEA88C7}.Debug|Any CPU.ActiveCfg = Debug|Any CPU
		{27E1B0C3-0F49-470B-AC9C-06BC3DEA88C7}.Debug|Any CPU.Build.0 = Debug|Any CPU
		{27E1B0C3-0F49-470B-AC9C-06BC3DEA88C7}.Release|Any CPU.ActiveCfg = Release|Any CPU
		{27E1B0C3-0F49-470B-AC9C-06BC3DEA88C7}.Release|Any CPU.Build.0 = Release|Any CPU
		{AD218751-B712-4C0C-AE6C-9944F8DB4A12}.Debug|Any CPU.ActiveCfg = Debug|Any CPU
		{AD218751-B712-4C0C-AE6C-9944F8DB4A12}.Debug|Any CPU.Build.0 = Debug|Any CPU
		{AD218751-B712-4C0C-AE6C-9944F8DB4A12}.Release|Any CPU.ActiveCfg = Release|Any CPU
		{AD218751-B712-4C0C-AE6C-9944F8DB4A12}.Release|Any CPU.Build.0 = Release|Any CPU
		{DEF81A34-0829-43D2-AE94-859E43F54819}.Debug|Any CPU.ActiveCfg = Debug|Any CPU
		{DEF81A34-0829-43D2-AE94-859E43F54819}.Debug|Any CPU.Build.0 = Debug|Any CPU
		{DEF81A34-0829-43D2-AE94-859E43F54819}.Release|Any CPU.ActiveCfg = Release|Any CPU
		{DEF81A34-0829-43D2-AE94-859E43F54819}.Release|Any CPU.Build.0 = Release|Any CPU
		{4E059F8A-3826-4073-B71F-BF929EFA5BB6}.Debug|Any CPU.ActiveCfg = Debug|Any CPU
		{4E059F8A-3826-4073-B71F-BF929EFA5BB6}.Debug|Any CPU.Build.0 = Debug|Any CPU
		{4E059F8A-3826-4073-B71F-BF929EFA5BB6}.Release|Any CPU.ActiveCfg = Release|Any CPU
		{4E059F8A-3826-4073-B71F-BF929EFA5BB6}.Release|Any CPU.Build.0 = Release|Any CPU
	EndGlobalSection
	GlobalSection(SolutionProperties) = preSolution
		HideSolutionNode = FALSE
	EndGlobalSection
	GlobalSection(ExtensibilityGlobals) = postSolution
		SolutionGuid = {890E8B96-C7ED-4816-886B-56B60E39E505}
	EndGlobalSection
EndGlobal
